
Microsoft Visual Studio Solution File, Format Version 12.00
# Visual Studio Version 17
VisualStudioVersion = 17.11.35312.102
MinimumVisualStudioVersion = 10.0.40219.1
Project("{FAE04EC0-301F-11D3-BF4B-00C04F79EFBC}") = "RecipeBook.BL", "RecipeBook.BL\RecipeBook.BL.csproj", "{9588314F-4BB5-45A0-AA65-AC3F7753B3A2}"
EndProject
Project("{FAE04EC0-301F-11D3-BF4B-00C04F79EFBC}") = "RecipeBook.DL", "RecipeBook.DL\RecipeBook.DL.csproj", "{9C3B166B-9450-4A40-82D4-D5B4E77632C0}"
EndProject
Project("{FAE04EC0-301F-11D3-BF4B-00C04F79EFBC}") = "RecipeBook.Models", "RecipeBook.Models\RecipeBook.Models.csproj", "{555799CB-3276-49A1-B5FA-99AF98110BF5}"
EndProject
Project("{FAE04EC0-301F-11D3-BF4B-00C04F79EFBC}") = "RecipeBook.Tests", "RecipeBook.Tests\RecipeBook.Tests.csproj", "{8156FF06-D8B5-47DB-A02A-CF1DAA3F7404}"
EndProject
Project("{FAE04EC0-301F-11D3-BF4B-00C04F79EFBC}") = "RecipeBook", "RecipeBook\RecipeBook.csproj", "{C5A3C129-C9DC-43CE-AF6E-0EF6B84B6C07}"
EndProject
Global
	GlobalSection(SolutionConfigurationPlatforms) = preSolution
		Debug|Any CPU = Debug|Any CPU
		Release|Any CPU = Release|Any CPU
	EndGlobalSection
	GlobalSection(ProjectConfigurationPlatforms) = postSolution
		{9588314F-4BB5-45A0-AA65-AC3F7753B3A2}.Debug|Any CPU.ActiveCfg = Debug|Any CPU
		{9588314F-4BB5-45A0-AA65-AC3F7753B3A2}.Debug|Any CPU.Build.0 = Debug|Any CPU
		{9588314F-4BB5-45A0-AA65-AC3F7753B3A2}.Release|Any CPU.ActiveCfg = Release|Any CPU
		{9588314F-4BB5-45A0-AA65-AC3F7753B3A2}.Release|Any CPU.Build.0 = Release|Any CPU
		{9C3B166B-9450-4A40-82D4-D5B4E77632C0}.Debug|Any CPU.ActiveCfg = Debug|Any CPU
		{9C3B166B-9450-4A40-82D4-D5B4E77632C0}.Debug|Any CPU.Build.0 = Debug|Any CPU
		{9C3B166B-9450-4A40-82D4-D5B4E77632C0}.Release|Any CPU.ActiveCfg = Release|Any CPU
		{9C3B166B-9450-4A40-82D4-D5B4E77632C0}.Release|Any CPU.Build.0 = Release|Any CPU
		{555799CB-3276-49A1-B5FA-99AF98110BF5}.Debug|Any CPU.ActiveCfg = Debug|Any CPU
		{555799CB-3276-49A1-B5FA-99AF98110BF5}.Debug|Any CPU.Build.0 = Debug|Any CPU
		{555799CB-3276-49A1-B5FA-99AF98110BF5}.Release|Any CPU.ActiveCfg = Release|Any CPU
		{555799CB-3276-49A1-B5FA-99AF98110BF5}.Release|Any CPU.Build.0 = Release|Any CPU
		{8156FF06-D8B5-47DB-A02A-CF1DAA3F7404}.Debug|Any CPU.ActiveCfg = Debug|Any CPU
		{8156FF06-D8B5-47DB-A02A-CF1DAA3F7404}.Debug|Any CPU.Build.0 = Debug|Any CPU
		{8156FF06-D8B5-47DB-A02A-CF1DAA3F7404}.Release|Any CPU.ActiveCfg = Release|Any CPU
		{8156FF06-D8B5-47DB-A02A-CF1DAA3F7404}.Release|Any CPU.Build.0 = Release|Any CPU
		{C5A3C129-C9DC-43CE-AF6E-0EF6B84B6C07}.Debug|Any CPU.ActiveCfg = Debug|Any CPU
		{C5A3C129-C9DC-43CE-AF6E-0EF6B84B6C07}.Debug|Any CPU.Build.0 = Debug|Any CPU
		{C5A3C129-C9DC-43CE-AF6E-0EF6B84B6C07}.Release|Any CPU.ActiveCfg = Release|Any CPU
		{C5A3C129-C9DC-43CE-AF6E-0EF6B84B6C07}.Release|Any CPU.Build.0 = Release|Any CPU
	EndGlobalSection
	GlobalSection(SolutionProperties) = preSolution
		HideSolutionNode = FALSE
	EndGlobalSection
	GlobalSection(ExtensibilityGlobals) = postSolution
		SolutionGuid = {3F9B864A-D361-4CF4-975E-CDE769D6CC1C}
	EndGlobalSection
EndGlobal
